{
  "name": "odin-todo-list",
  "version": "1.0.0",
  "lockfileVersion": 2,
  "requires": true,
  "packages": {
    "": {
      "name": "odin-todo-list",
      "version": "1.0.0",
      "license": "ISC",
      "dependencies": {
        "date-fns": "^3.0.6",
        "prompt-sync-history": "^1.0.1"
      }
    },
    "node_modules/date-fns": {
      "version": "3.0.6",
      "resolved": "https://registry.npmjs.org/date-fns/-/date-fns-3.0.6.tgz",
      "integrity": "sha512-W+G99rycpKMMF2/YD064b2lE7jJGUe+EjOES7Q8BIGY8sbNdbgcs9XFTZwvzc9Jx1f3k7LB7gZaZa7f8Agzljg==",
      "funding": {
        "type": "github",
        "url": "https://github.com/sponsors/kossnocorp"
      }
    },
    "node_modules/prompt-sync-history": {
      "version": "1.0.1",
      "resolved": "https://registry.npmjs.org/prompt-sync-history/-/prompt-sync-history-1.0.1.tgz",
      "integrity": "sha512-R51qH1GbLvsSImtOLv+VGbO0Rv3uRYg5UxIGT82AotP/2AcOQaQSG4pYxDlMphZKgsmGSKRS+t0AmaPG/p4Gig=="
    }
  },
  "dependencies": {
    "date-fns": {
      "version": "3.0.6",
      "resolved": "https://registry.npmjs.org/date-fns/-/date-fns-3.0.6.tgz",
      "integrity": "sha512-W+G99rycpKMMF2/YD064b2lE7jJGUe+EjOES7Q8BIGY8sbNdbgcs9XFTZwvzc9Jx1f3k7LB7gZaZa7f8Agzljg=="
    },
    "prompt-sync-history": {
      "version": "1.0.1",
      "resolved": "https://registry.npmjs.org/prompt-sync-history/-/prompt-sync-history-1.0.1.tgz",
      "integrity": "sha512-R51qH1GbLvsSImtOLv+VGbO0Rv3uRYg5UxIGT82AotP/2AcOQaQSG4pYxDlMphZKgsmGSKRS+t0AmaPG/p4Gig=="
    }
  }
}
